
Microsoft Visual Studio Solution File, Format Version 12.00
# Visual Studio Version 17
VisualStudioVersion = 17.9.34723.18
MinimumVisualStudioVersion = 10.0.40219.1
Project("{FAE04EC0-301F-11D3-BF4B-00C04F79EFBC}") = "School", "School.csproj", "{EC2E20D7-B5DE-4F6E-A53C-EE7B0EDC38ED}"
EndProject
Global
	GlobalSection(SolutionConfigurationPlatforms) = preSolution
		Debug|Any CPU = Debug|Any CPU
		Release|Any CPU = Release|Any CPU
	EndGlobalSection
	GlobalSection(ProjectConfigurationPlatforms) = postSolution
		{EC2E20D7-B5DE-4F6E-A53C-EE7B0EDC38ED}.Debug|Any CPU.ActiveCfg = Debug|Any CPU
		{EC2E20D7-B5DE-4F6E-A53C-EE7B0EDC38ED}.Debug|Any CPU.Build.0 = Debug|Any CPU
		{EC2E20D7-B5DE-4F6E-A53C-EE7B0EDC38ED}.Release|Any CPU.ActiveCfg = Release|Any CPU
		{EC2E20D7-B5DE-4F6E-A53C-EE7B0EDC38ED}.Release|Any CPU.Build.0 = Release|Any CPU
	EndGlobalSection
	GlobalSection(SolutionProperties) = preSolution
		HideSolutionNode = FALSE
	EndGlobalSection
	GlobalSection(ExtensibilityGlobals) = postSolution
		SolutionGuid = {F21B9AAF-8DCD-4CFB-B117-6F4ACBFC2B49}
	EndGlobalSection
EndGlobal
